// !$*UTF8*$!
{
	archiveVersion = 1;
	classes = {
	};
	objectVersion = 46;
	objects = {

/* Begin PBXBuildFile section */
		144248261B9E08D400262202 /* IllustCell.swift in Sources */ = {isa = PBXBuildFile; fileRef = 144248241B9E08D400262202 /* IllustCell.swift */; };
		144248271B9E08D400262202 /* IllustCell.xib in Resources */ = {isa = PBXBuildFile; fileRef = 144248251B9E08D400262202 /* IllustCell.xib */; };
		144248291B9E7A5000262202 /* ReactionHeadlineVC.swift in Sources */ = {isa = PBXBuildFile; fileRef = 144248281B9E7A5000262202 /* ReactionHeadlineVC.swift */; };
		147F4E3C1B9D8BDB00C50418 /* AppDelegate.swift in Sources */ = {isa = PBXBuildFile; fileRef = 147F4E3B1B9D8BDB00C50418 /* AppDelegate.swift */; };
		147F4E3E1B9D8BDB00C50418 /* ThreadHeadlineTVC.swift in Sources */ = {isa = PBXBuildFile; fileRef = 147F4E3D1B9D8BDB00C50418 /* ThreadHeadlineTVC.swift */; };
		147F4E431B9D8BDB00C50418 /* Main.storyboard in Resources */ = {isa = PBXBuildFile; fileRef = 147F4E411B9D8BDB00C50418 /* Main.storyboard */; };
		147F4E451B9D8BDB00C50418 /* Images.xcassets in Resources */ = {isa = PBXBuildFile; fileRef = 147F4E441B9D8BDB00C50418 /* Images.xcassets */; };
		147F4E481B9D8BDB00C50418 /* LaunchScreen.xib in Resources */ = {isa = PBXBuildFile; fileRef = 147F4E461B9D8BDB00C50418 /* LaunchScreen.xib */; };
		147F4E541B9D8BDB00C50418 /* e_kudasaiTests.swift in Sources */ = {isa = PBXBuildFile; fileRef = 147F4E531B9D8BDB00C50418 /* e_kudasaiTests.swift */; };
		147F4E5E1B9D8CFE00C50418 /* REST.swift in Sources */ = {isa = PBXBuildFile; fileRef = 147F4E5D1B9D8CFE00C50418 /* REST.swift */; };
		147F4E601B9D92D700C50418 /* Util.swift in Sources */ = {isa = PBXBuildFile; fileRef = 147F4E5F1B9D92D700C50418 /* Util.swift */; };
		147F4E681B9DD5E900C50418 /* ThreadVC.swift in Sources */ = {isa = PBXBuildFile; fileRef = 147F4E671B9DD5E900C50418 /* ThreadVC.swift */; };
		14D885DB1B9DF7E4007B333E /* ThreadHeadlineCell.swift in Sources */ = {isa = PBXBuildFile; fileRef = 14D885D91B9DF7E4007B333E /* ThreadHeadlineCell.swift */; };
		14D885DC1B9DF7E4007B333E /* ThreadHeadlineCell.xib in Resources */ = {isa = PBXBuildFile; fileRef = 14D885DA1B9DF7E4007B333E /* ThreadHeadlineCell.xib */; };
/* End PBXBuildFile section */

/* Begin PBXContainerItemProxy section */
		147F4E4E1B9D8BDB00C50418 /* PBXContainerItemProxy */ = {
			isa = PBXContainerItemProxy;
			containerPortal = 147F4E2E1B9D8BDB00C50418 /* Project object */;
			proxyType = 1;
			remoteGlobalIDString = 147F4E351B9D8BDB00C50418;
			remoteInfo = "e-kudasai";
		};
/* End PBXContainerItemProxy section */

/* Begin PBXFileReference section */
		144248241B9E08D400262202 /* IllustCell.swift */ = {isa = PBXFileReference; fileEncoding = 4; lastKnownFileType = sourcecode.swift; name = IllustCell.swift; path = ../IllustCell.swift; sourceTree = "<group>"; };
		144248251B9E08D400262202 /* IllustCell.xib */ = {isa = PBXFileReference; fileEncoding = 4; lastKnownFileType = file.xib; name = IllustCell.xib; path = ../IllustCell.xib; sourceTree = "<group>"; };
		144248281B9E7A5000262202 /* ReactionHeadlineVC.swift */ = {isa = PBXFileReference; fileEncoding = 4; lastKnownFileType = sourcecode.swift; path = ReactionHeadlineVC.swift; sourceTree = "<group>"; };
		147F4E361B9D8BDB00C50418 /* e-kudasai.app */ = {isa = PBXFileReference; explicitFileType = wrapper.application; includeInIndex = 0; path = "e-kudasai.app"; sourceTree = BUILT_PRODUCTS_DIR; };
		147F4E3A1B9D8BDB00C50418 /* Info.plist */ = {isa = PBXFileReference; lastKnownFileType = text.plist.xml; path = Info.plist; sourceTree = "<group>"; };
		147F4E3B1B9D8BDB00C50418 /* AppDelegate.swift */ = {isa = PBXFileReference; lastKnownFileType = sourcecode.swift; path = AppDelegate.swift; sourceTree = "<group>"; };
		147F4E3D1B9D8BDB00C50418 /* ThreadHeadlineTVC.swift */ = {isa = PBXFileReference; lastKnownFileType = sourcecode.swift; path = ThreadHeadlineTVC.swift; sourceTree = "<group>"; };
		147F4E421B9D8BDB00C50418 /* Base */ = {isa = PBXFileReference; lastKnownFileType = file.storyboard; name = Base; path = Base.lproj/Main.storyboard; sourceTree = "<group>"; };
		147F4E441B9D8BDB00C50418 /* Images.xcassets */ = {isa = PBXFileReference; lastKnownFileType = folder.assetcatalog; path = Images.xcassets; sourceTree = "<group>"; };
		147F4E471B9D8BDB00C50418 /* Base */ = {isa = PBXFileReference; lastKnownFileType = file.xib; name = Base; path = Base.lproj/LaunchScreen.xib; sourceTree = "<group>"; };
		147F4E4D1B9D8BDB00C50418 /* e-kudasaiTests.xctest */ = {isa = PBXFileReference; explicitFileType = wrapper.cfbundle; includeInIndex = 0; path = "e-kudasaiTests.xctest"; sourceTree = BUILT_PRODUCTS_DIR; };
		147F4E521B9D8BDB00C50418 /* Info.plist */ = {isa = PBXFileReference; lastKnownFileType = text.plist.xml; path = Info.plist; sourceTree = "<group>"; };
		147F4E531B9D8BDB00C50418 /* e_kudasaiTests.swift */ = {isa = PBXFileReference; lastKnownFileType = sourcecode.swift; path = e_kudasaiTests.swift; sourceTree = "<group>"; };
		147F4E5D1B9D8CFE00C50418 /* REST.swift */ = {isa = PBXFileReference; fileEncoding = 4; lastKnownFileType = sourcecode.swift; path = REST.swift; sourceTree = "<group>"; };
		147F4E5F1B9D92D700C50418 /* Util.swift */ = {isa = PBXFileReference; fileEncoding = 4; lastKnownFileType = sourcecode.swift; path = Util.swift; sourceTree = "<group>"; };
		147F4E671B9DD5E900C50418 /* ThreadVC.swift */ = {isa = PBXFileReference; fileEncoding = 4; lastKnownFileType = sourcecode.swift; path = ThreadVC.swift; sourceTree = "<group>"; };
		14D885D91B9DF7E4007B333E /* ThreadHeadlineCell.swift */ = {isa = PBXFileReference; fileEncoding = 4; lastKnownFileType = sourcecode.swift; path = ThreadHeadlineCell.swift; sourceTree = "<group>"; };
		14D885DA1B9DF7E4007B333E /* ThreadHeadlineCell.xib */ = {isa = PBXFileReference; fileEncoding = 4; lastKnownFileType = file.xib; path = ThreadHeadlineCell.xib; sourceTree = "<group>"; };
/* End PBXFileReference section */

/* Begin PBXFrameworksBuildPhase section */
		147F4E331B9D8BDB00C50418 /* Frameworks */ = {
			isa = PBXFrameworksBuildPhase;
			buildActionMask = 2147483647;
			files = (
			);
			runOnlyForDeploymentPostprocessing = 0;
		};
		147F4E4A1B9D8BDB00C50418 /* Frameworks */ = {
			isa = PBXFrameworksBuildPhase;
			buildActionMask = 2147483647;
			files = (
			);
			runOnlyForDeploymentPostprocessing = 0;
		};
/* End PBXFrameworksBuildPhase section */

/* Begin PBXGroup section */
		147F4E2D1B9D8BDB00C50418 = {
			isa = PBXGroup;
			children = (
				147F4E381B9D8BDB00C50418 /* e-kudasai */,
				147F4E501B9D8BDB00C50418 /* e-kudasaiTests */,
				147F4E371B9D8BDB00C50418 /* Products */,
			);
			sourceTree = "<group>";
		};
		147F4E371B9D8BDB00C50418 /* Products */ = {
			isa = PBXGroup;
			children = (
				147F4E361B9D8BDB00C50418 /* e-kudasai.app */,
				147F4E4D1B9D8BDB00C50418 /* e-kudasaiTests.xctest */,
			);
			name = Products;
			sourceTree = "<group>";
		};
		147F4E381B9D8BDB00C50418 /* e-kudasai */ = {
			isa = PBXGroup;
			children = (
				144248241B9E08D400262202 /* IllustCell.swift */,
				144248251B9E08D400262202 /* IllustCell.xib */,
				147F4E3B1B9D8BDB00C50418 /* AppDelegate.swift */,
				147F4E3D1B9D8BDB00C50418 /* ThreadHeadlineTVC.swift */,
				147F4E671B9DD5E900C50418 /* ThreadVC.swift */,
				144248281B9E7A5000262202 /* ReactionHeadlineVC.swift */,
				14D885D91B9DF7E4007B333E /* ThreadHeadlineCell.swift */,
				14D885DA1B9DF7E4007B333E /* ThreadHeadlineCell.xib */,
				147F4E5F1B9D92D700C50418 /* Util.swift */,
				147F4E5D1B9D8CFE00C50418 /* REST.swift */,
				147F4E411B9D8BDB00C50418 /* Main.storyboard */,
				147F4E441B9D8BDB00C50418 /* Images.xcassets */,
				147F4E461B9D8BDB00C50418 /* LaunchScreen.xib */,
				147F4E391B9D8BDB00C50418 /* Supporting Files */,
			);
			path = "e-kudasai";
			sourceTree = "<group>";
		};
		147F4E391B9D8BDB00C50418 /* Supporting Files */ = {
			isa = PBXGroup;
			children = (
				147F4E3A1B9D8BDB00C50418 /* Info.plist */,
			);
			name = "Supporting Files";
			sourceTree = "<group>";
		};
		147F4E501B9D8BDB00C50418 /* e-kudasaiTests */ = {
			isa = PBXGroup;
			children = (
				147F4E531B9D8BDB00C50418 /* e_kudasaiTests.swift */,
				147F4E511B9D8BDB00C50418 /* Supporting Files */,
			);
			path = "e-kudasaiTests";
			sourceTree = "<group>";
		};
		147F4E511B9D8BDB00C50418 /* Supporting Files */ = {
			isa = PBXGroup;
			children = (
				147F4E521B9D8BDB00C50418 /* Info.plist */,
			);
			name = "Supporting Files";
			sourceTree = "<group>";
		};
/* End PBXGroup section */

/* Begin PBXNativeTarget section */
		147F4E351B9D8BDB00C50418 /* e-kudasai */ = {
			isa = PBXNativeTarget;
			buildConfigurationList = 147F4E571B9D8BDB00C50418 /* Build configuration list for PBXNativeTarget "e-kudasai" */;
			buildPhases = (
				147F4E321B9D8BDB00C50418 /* Sources */,
				147F4E331B9D8BDB00C50418 /* Frameworks */,
				147F4E341B9D8BDB00C50418 /* Resources */,
			);
			buildRules = (
			);
			dependencies = (
			);
			name = "e-kudasai";
			productName = "e-kudasai";
			productReference = 147F4E361B9D8BDB00C50418 /* e-kudasai.app */;
			productType = "com.apple.product-type.application";
		};
		147F4E4C1B9D8BDB00C50418 /* e-kudasaiTests */ = {
			isa = PBXNativeTarget;
			buildConfigurationList = 147F4E5A1B9D8BDB00C50418 /* Build configuration list for PBXNativeTarget "e-kudasaiTests" */;
			buildPhases = (
				147F4E491B9D8BDB00C50418 /* Sources */,
				147F4E4A1B9D8BDB00C50418 /* Frameworks */,
				147F4E4B1B9D8BDB00C50418 /* Resources */,
			);
			buildRules = (
			);
			dependencies = (
				147F4E4F1B9D8BDB00C50418 /* PBXTargetDependency */,
			);
			name = "e-kudasaiTests";
			productName = "e-kudasaiTests";
			productReference = 147F4E4D1B9D8BDB00C50418 /* e-kudasaiTests.xctest */;
			productType = "com.apple.product-type.bundle.unit-test";
		};
/* End PBXNativeTarget section */

/* Begin PBXProject section */
		147F4E2E1B9D8BDB00C50418 /* Project object */ = {
			isa = PBXProject;
			attributes = {
				LastUpgradeCheck = 0630;
				ORGANIZATIONNAME = duxca;
				TargetAttributes = {
					147F4E351B9D8BDB00C50418 = {
						CreatedOnToolsVersion = 6.3.2;
					};
					147F4E4C1B9D8BDB00C50418 = {
						CreatedOnToolsVersion = 6.3.2;
						TestTargetID = 147F4E351B9D8BDB00C50418;
					};
				};
			};
			buildConfigurationList = 147F4E311B9D8BDB00C50418 /* Build configuration list for PBXProject "e-kudasai" */;
			compatibilityVersion = "Xcode 3.2";
			developmentRegion = English;
			hasScannedForEncodings = 0;
			knownRegions = (
				en,
				Base,
			);
			mainGroup = 147F4E2D1B9D8BDB00C50418;
			productRefGroup = 147F4E371B9D8BDB00C50418 /* Products */;
			projectDirPath = "";
			projectRoot = "";
			targets = (
				147F4E351B9D8BDB00C50418 /* e-kudasai */,
				147F4E4C1B9D8BDB00C50418 /* e-kudasaiTests */,
			);
		};
/* End PBXProject section */

/* Begin PBXResourcesBuildPhase section */
		147F4E341B9D8BDB00C50418 /* Resources */ = {
			isa = PBXResourcesBuildPhase;
			buildActionMask = 2147483647;
			files = (
				144248271B9E08D400262202 /* IllustCell.xib in Resources */,
				147F4E431B9D8BDB00C50418 /* Main.storyboard in Resources */,
				14D885DC1B9DF7E4007B333E /* ThreadHeadlineCell.xib in Resources */,
				147F4E481B9D8BDB00C50418 /* LaunchScreen.xib in Resources */,
				147F4E451B9D8BDB00C50418 /* Images.xcassets in Resources */,
			);
			runOnlyForDeploymentPostprocessing = 0;
		};
		147F4E4B1B9D8BDB00C50418 /* Resources */ = {
			isa = PBXResourcesBuildPhase;
			buildActionMask = 2147483647;
			files = (
			);
			runOnlyForDeploymentPostprocessing = 0;
		};
/* End PBXResourcesBuildPhase section */

/* Begin PBXSourcesBuildPhase section */
		147F4E321B9D8BDB00C50418 /* Sources */ = {
			isa = PBXSourcesBuildPhase;
			buildActionMask = 2147483647;
			files = (
				147F4E3C1B9D8BDB00C50418 /* AppDelegate.swift in Sources */,
				147F4E5E1B9D8CFE00C50418 /* REST.swift in Sources */,
				147F4E681B9DD5E900C50418 /* ThreadVC.swift in Sources */,
				147F4E601B9D92D700C50418 /* Util.swift in Sources */,
				147F4E3E1B9D8BDB00C50418 /* ThreadHeadlineTVC.swift in Sources */,
				144248291B9E7A5000262202 /* ReactionHeadlineVC.swift in Sources */,
				14D885DB1B9DF7E4007B333E /* ThreadHeadlineCell.swift in Sources */,
				144248261B9E08D400262202 /* IllustCell.swift in Sources */,
			);
			runOnlyForDeploymentPostprocessing = 0;
		};
		147F4E491B9D8BDB00C50418 /* Sources */ = {
			isa = PBXSourcesBuildPhase;
			buildActionMask = 2147483647;
			files = (
				147F4E541B9D8BDB00C50418 /* e_kudasaiTests.swift in Sources */,
			);
			runOnlyForDeploymentPostprocessing = 0;
		};
/* End PBXSourcesBuildPhase section */

/* Begin PBXTargetDependency section */
		147F4E4F1B9D8BDB00C50418 /* PBXTargetDependency */ = {
			isa = PBXTargetDependency;
			target = 147F4E351B9D8BDB00C50418 /* e-kudasai */;
			targetProxy = 147F4E4E1B9D8BDB00C50418 /* PBXContainerItemProxy */;
		};
/* End PBXTargetDependency section */

/* Begin PBXVariantGroup section */
		147F4E411B9D8BDB00C50418 /* Main.storyboard */ = {
			isa = PBXVariantGroup;
			children = (
				147F4E421B9D8BDB00C50418 /* Base */,
			);
			name = Main.storyboard;
			sourceTree = "<group>";
		};
		147F4E461B9D8BDB00C50418 /* LaunchScreen.xib */ = {
			isa = PBXVariantGroup;
			children = (
				147F4E471B9D8BDB00C50418 /* Base */,
			);
			name = LaunchScreen.xib;
			sourceTree = "<group>";
		};
/* End PBXVariantGroup section */

/* Begin XCBuildConfiguration section */
		147F4E551B9D8BDB00C50418 /* Debug */ = {
			isa = XCBuildConfiguration;
			buildSettings = {
				ALWAYS_SEARCH_USER_PATHS = NO;
				CLANG_CXX_LANGUAGE_STANDARD = "gnu++0x";
				CLANG_CXX_LIBRARY = "libc++";
				CLANG_ENABLE_MODULES = YES;
				CLANG_ENABLE_OBJC_ARC = YES;
				CLANG_WARN_BOOL_CONVERSION = YES;
				CLANG_WARN_CONSTANT_CONVERSION = YES;
				CLANG_WARN_DIRECT_OBJC_ISA_USAGE = YES_ERROR;
				CLANG_WARN_EMPTY_BODY = YES;
				CLANG_WARN_ENUM_CONVERSION = YES;
				CLANG_WARN_INT_CONVERSION = YES;
				CLANG_WARN_OBJC_ROOT_CLASS = YES_ERROR;
				CLANG_WARN_UNREACHABLE_CODE = YES;
				CLANG_WARN__DUPLICATE_METHOD_MATCH = YES;
				"CODE_SIGN_IDENTITY[sdk=iphoneos*]" = "iPhone Developer";
				COPY_PHASE_STRIP = NO;
				DEBUG_INFORMATION_FORMAT = "dwarf-with-dsym";
				ENABLE_STRICT_OBJC_MSGSEND = YES;
				GCC_C_LANGUAGE_STANDARD = gnu99;
				GCC_DYNAMIC_NO_PIC = NO;
				GCC_NO_COMMON_BLOCKS = YES;
				GCC_OPTIMIZATION_LEVEL = 0;
				GCC_PREPROCESSOR_DEFINITIONS = (
					"DEBUG=1",
					"$(inherited)",
				);
				GCC_SYMBOLS_PRIVATE_EXTERN = NO;
				GCC_WARN_64_TO_32_BIT_CONVERSION = YES;
				GCC_WARN_ABOUT_RETURN_TYPE = YES_ERROR;
				GCC_WARN_UNDECLARED_SELECTOR = YES;
				GCC_WARN_UNINITIALIZED_AUTOS = YES_AGGRESSIVE;
				GCC_WARN_UNUSED_FUNCTION = YES;
				GCC_WARN_UNUSED_VARIABLE = YES;
				IPHONEOS_DEPLOYMENT_TARGET = 8.3;
				MTL_ENABLE_DEBUG_INFO = YES;
				ONLY_ACTIVE_ARCH = YES;
				SDKROOT = iphoneos;
				SWIFT_OPTIMIZATION_LEVEL = "-Onone";
			};
			name = Debug;
		};
		147F4E561B9D8BDB00C50418 /* Release */ = {
			isa = XCBuildConfiguration;
			buildSettings = {
				ALWAYS_SEARCH_USER_PATHS = NO;
				CLANG_CXX_LANGUAGE_STANDARD = "gnu++0x";
				CLANG_CXX_LIBRARY = "libc++";
				CLANG_ENABLE_MODULES = YES;
				CLANG_ENABLE_OBJC_ARC = YES;
				CLANG_WARN_BOOL_CONVERSION = YES;
				CLANG_WARN_CONSTANT_CONVERSION = YES;
				CLANG_WARN_DIRECT_OBJC_ISA_USAGE = YES_ERROR;
				CLANG_WARN_EMPTY_BODY = YES;
				CLANG_WARN_ENUM_CONVERSION = YES;
				CLANG_WARN_INT_CONVERSION = YES;
				CLANG_WARN_OBJC_ROOT_CLASS = YES_ERROR;
				CLANG_WARN_UNREACHABLE_CODE = YES;
				CLANG_WARN__DUPLICATE_METHOD_MATCH = YES;
				"CODE_SIGN_IDENTITY[sdk=iphoneos*]" = "iPhone Developer";
				COPY_PHASE_STRIP = NO;
				DEBUG_INFORMATION_FORMAT = "dwarf-with-dsym";
				ENABLE_NS_ASSERTIONS = NO;
				ENABLE_STRICT_OBJC_MSGSEND = YES;
				GCC_C_LANGUAGE_STANDARD = gnu99;
				GCC_NO_COMMON_BLOCKS = YES;
				GCC_WARN_64_TO_32_BIT_CONVERSION = YES;
				GCC_WARN_ABOUT_RETURN_TYPE = YES_ERROR;
				GCC_WARN_UNDECLARED_SELECTOR = YES;
				GCC_WARN_UNINITIALIZED_AUTOS = YES_AGGRESSIVE;
				GCC_WARN_UNUSED_FUNCTION = YES;
				GCC_WARN_UNUSED_VARIABLE = YES;
				IPHONEOS_DEPLOYMENT_TARGET = 8.3;
				MTL_ENABLE_DEBUG_INFO = NO;
				SDKROOT = iphoneos;
				VALIDATE_PRODUCT = YES;
			};
			name = Release;
		};
		147F4E581B9D8BDB00C50418 /* Debug */ = {
			isa = XCBuildConfiguration;
			buildSettings = {
				ASSETCATALOG_COMPILER_APPICON_NAME = AppIcon;
				INFOPLIST_FILE = "e-kudasai/Info.plist";
				LD_RUNPATH_SEARCH_PATHS = "$(inherited) @executable_path/Frameworks";
				PRODUCT_NAME = "$(TARGET_NAME)";
			};
			name = Debug;
		};
		147F4E591B9D8BDB00C50418 /* Release */ = {
			isa = XCBuildConfiguration;
			buildSettings = {
				ASSETCATALOG_COMPILER_APPICON_NAME = AppIcon;
				INFOPLIST_FILE = "e-kudasai/Info.plist";
				LD_RUNPATH_SEARCH_PATHS = "$(inherited) @executable_path/Frameworks";
				PRODUCT_NAME = "$(TARGET_NAME)";
			};
			name = Release;
		};
		147F4E5B1B9D8BDB00C50418 /* Debug */ = {
			isa = XCBuildConfiguration;
			buildSettings = {
				BUNDLE_LOADER = "$(TEST_HOST)";
				FRAMEWORK_SEARCH_PATHS = (
					"$(SDKROOT)/Developer/Library/Frameworks",
					"$(inherited)",
				);
				GCC_PREPROCESSOR_DEFINITIONS = (
					"DEBUG=1",
					"$(inherited)",
				);
				INFOPLIST_FILE = "e-kudasaiTests/Info.plist";
				LD_RUNPATH_SEARCH_PATHS = "$(inherited) @executable_path/Frameworks @loader_path/Frameworks";
				PRODUCT_NAME = "$(TARGET_NAME)";
				TEST_HOST = "$(BUILT_PRODUCTS_DIR)/e-kudasai.app/e-kudasai";
			};
			name = Debug;
		};
		147F4E5C1B9D8BDB00C50418 /* Release */ = {
			isa = XCBuildConfiguration;
			buildSettings = {
				BUNDLE_LOADER = "$(TEST_HOST)";
				FRAMEWORK_SEARCH_PATHS = (
					"$(SDKROOT)/Developer/Library/Frameworks",
					"$(inherited)",
				);
				INFOPLIST_FILE = "e-kudasaiTests/Info.plist";
				LD_RUNPATH_SEARCH_PATHS = "$(inherited) @executable_path/Frameworks @loader_path/Frameworks";
				PRODUCT_NAME = "$(TARGET_NAME)";
				TEST_HOST = "$(BUILT_PRODUCTS_DIR)/e-kudasai.app/e-kudasai";
			};
			name = Release;
		};
/* End XCBuildConfiguration section */

/* Begin XCConfigurationList section */
		147F4E311B9D8BDB00C50418 /* Build configuration list for PBXProject "e-kudasai" */ = {
			isa = XCConfigurationList;
			buildConfigurations = (
				147F4E551B9D8BDB00C50418 /* Debug */,
				147F4E561B9D8BDB00C50418 /* Release */,
			);
			defaultConfigurationIsVisible = 0;
			defaultConfigurationName = Release;
		};
		147F4E571B9D8BDB00C50418 /* Build configuration list for PBXNativeTarget "e-kudasai" */ = {
			isa = XCConfigurationList;
			buildConfigurations = (
				147F4E581B9D8BDB00C50418 /* Debug */,
				147F4E591B9D8BDB00C50418 /* Release */,
			);
			defaultConfigurationIsVisible = 0;
			defaultConfigurationName = Release;
		};
		147F4E5A1B9D8BDB00C50418 /* Build configuration list for PBXNativeTarget "e-kudasaiTests" */ = {
			isa = XCConfigurationList;
			buildConfigurations = (
				147F4E5B1B9D8BDB00C50418 /* Debug */,
				147F4E5C1B9D8BDB00C50418 /* Release */,
			);
			defaultConfigurationIsVisible = 0;
			defaultConfigurationName = Release;
		};
/* End XCConfigurationList section */
	};
	rootObject = 147F4E2E1B9D8BDB00C50418 /* Project object */;
}
